
Microsoft Visual Studio Solution File, Format Version 12.00
# Visual Studio Version 16
VisualStudioVersion = 16.0.30804.86
MinimumVisualStudioVersion = 10.0.40219.1
Project("{FAE04EC0-301F-11D3-BF4B-00C04F79EFBC}") = "MvcProjeKampi2", "MvcProjeKampi2.csproj", "{D6D1DB31-C935-4365-B077-5647889964EC}"
EndProject
Project("{FAE04EC0-301F-11D3-BF4B-00C04F79EFBC}") = "EntityLayer", "EntityLayer\EntityLayer.csproj", "{DCEA7CFD-441F-4F8A-85B3-AC4FBB4D4983}"
EndProject
Project("{FAE04EC0-301F-11D3-BF4B-00C04F79EFBC}") = "DataAccessLayer", "DataAccessLayer\DataAccessLayer.csproj", "{0BC98BD5-4E4D-40A3-8641-253BCE5D8F41}"
EndProject
Project("{FAE04EC0-301F-11D3-BF4B-00C04F79EFBC}") = "BusinessLayer", "BusinessLayer\BusinessLayer.csproj", "{E82EE16A-3FC3-468D-888E-424BE9BC4061}"
EndProject
Global
	GlobalSection(SolutionConfigurationPlatforms) = preSolution
		Debug|Any CPU = Debug|Any CPU
		Release|Any CPU = Release|Any CPU
	EndGlobalSection
	GlobalSection(ProjectConfigurationPlatforms) = postSolution
		{D6D1DB31-C935-4365-B077-5647889964EC}.Debug|Any CPU.ActiveCfg = Debug|Any CPU
		{D6D1DB31-C935-4365-B077-5647889964EC}.Debug|Any CPU.Build.0 = Debug|Any CPU
		{D6D1DB31-C935-4365-B077-5647889964EC}.Release|Any CPU.ActiveCfg = Release|Any CPU
		{D6D1DB31-C935-4365-B077-5647889964EC}.Release|Any CPU.Build.0 = Release|Any CPU
		{DCEA7CFD-441F-4F8A-85B3-AC4FBB4D4983}.Debug|Any CPU.ActiveCfg = Debug|Any CPU
		{DCEA7CFD-441F-4F8A-85B3-AC4FBB4D4983}.Debug|Any CPU.Build.0 = Debug|Any CPU
		{DCEA7CFD-441F-4F8A-85B3-AC4FBB4D4983}.Release|Any CPU.ActiveCfg = Release|Any CPU
		{DCEA7CFD-441F-4F8A-85B3-AC4FBB4D4983}.Release|Any CPU.Build.0 = Release|Any CPU
		{0BC98BD5-4E4D-40A3-8641-253BCE5D8F41}.Debug|Any CPU.ActiveCfg = Debug|Any CPU
		{0BC98BD5-4E4D-40A3-8641-253BCE5D8F41}.Debug|Any CPU.Build.0 = Debug|Any CPU
		{0BC98BD5-4E4D-40A3-8641-253BCE5D8F41}.Release|Any CPU.ActiveCfg = Release|Any CPU
		{0BC98BD5-4E4D-40A3-8641-253BCE5D8F41}.Release|Any CPU.Build.0 = Release|Any CPU
		{E82EE16A-3FC3-468D-888E-424BE9BC4061}.Debug|Any CPU.ActiveCfg = Debug|Any CPU
		{E82EE16A-3FC3-468D-888E-424BE9BC4061}.Debug|Any CPU.Build.0 = Debug|Any CPU
		{E82EE16A-3FC3-468D-888E-424BE9BC4061}.Release|Any CPU.ActiveCfg = Release|Any CPU
		{E82EE16A-3FC3-468D-888E-424BE9BC4061}.Release|Any CPU.Build.0 = Release|Any CPU
	EndGlobalSection
	GlobalSection(SolutionProperties) = preSolution
		HideSolutionNode = FALSE
	EndGlobalSection
	GlobalSection(ExtensibilityGlobals) = postSolution
		SolutionGuid = {56D13686-B45E-4F74-8607-A177D48320E7}
	EndGlobalSection
EndGlobal
